{
    "name": "webzjs",
    "lockfileVersion": 3,
    "requires": true,
    "packages": {
        "": {
            "name": "webzjs",
            "workspaces": [
                "packages/*"
            ]
        },
        "node_modules/typescript": {
            "version": "5.5.4",
            "resolved": "https://registry.npmjs.org/typescript/-/typescript-5.5.4.tgz",
            "integrity": "sha512-Mtq29sKDAEYP7aljRgtPOpTvOfbwRWlS6dPRzwjdE+C0R4brX/GUyhHSecbHMFLNBLcJIPt9nl9yG5TZ1weH+Q==",
            "dev": true,
            "bin": {
                "tsc": "bin/tsc",
                "tsserver": "bin/tsserver"
            },
            "engines": {
                "node": ">=14.17"
            }
        },
        "node_modules/webz-core": {
            "resolved": "packages/webz-core",
            "link": true
        },
        "node_modules/webz-memory-store": {
            "resolved": "packages/webz-memory-store",
            "link": true
        },
        "packages/webz-core": {
            "version": "0.1.0",
            "license": "MIT OR Apache-2.0"
        },
        "packages/webz-memory-store": {
            "version": "1.0.0",
            "license": "MIT OR Apache-2.0",
            "dependencies": {
                "webz-core": "^0.1.0"
            },
            "devDependencies": {
                "typescript": "^5.5.4"
            }
        }
    }
}
